
Microsoft Visual Studio Solution File, Format Version 12.00
# Visual Studio Version 16
VisualStudioVersion = 16.0.33214.272
MinimumVisualStudioVersion = 10.0.40219.1
Project("{2150E333-8FDC-42A3-9474-1A3956D46DE8}") = "Internal", "Internal", "{DFE7B1DA-1A28-4A87-BF9A-8BEC71C0B18A}"
EndProject
Project("{2150E333-8FDC-42A3-9474-1A3956D46DE8}") = "Scripts", "Scripts", "{6B82C723-E51E-47E2-9E06-C40B1BC32BF3}"
EndProject
Project("{2150E333-8FDC-42A3-9474-1A3956D46DE8}") = "Dlls", "Dlls", "{8D1E1AAD-3CE6-463C-BD49-0821763A6715}"
	ProjectSection(SolutionItems) = preProject
		Dlls\readme.txt = Dlls\readme.txt
	EndProjectSection
EndProject
Project("{2150E333-8FDC-42A3-9474-1A3956D46DE8}") = "Documentation", "Documentation", "{53CBDEBA-434E-42D7-9F55-406797BC3018}"
	ProjectSection(SolutionItems) = preProject
		Documentation\readme.txt = Documentation\readme.txt
	EndProjectSection
EndProject
Project("{2150E333-8FDC-42A3-9474-1A3956D46DE8}") = "Code Analysis", "Code Analysis", "{9C016BB2-16CB-4C3B-B068-247B81C67AFF}"
	ProjectSection(SolutionItems) = preProject
		Internal\Code Analysis\qaction-debug.ruleset = Internal\Code Analysis\qaction-debug.ruleset
		Internal\Code Analysis\qaction-release.ruleset = Internal\Code Analysis\qaction-release.ruleset
	EndProjectSection
EndProject
Project("{2150E333-8FDC-42A3-9474-1A3956D46DE8}") = "Send Channel Notification - Alarms from Correlation", "Send Channel Notification - Alarms from Correlation", "{7110510F-1D62-4CE8-9CDE-34B1728485CD}"
	ProjectSection(SolutionItems) = preProject
		Send Channel Notification - Alarms from Correlation.xml = Send Channel Notification - Alarms from Correlation.xml
	EndProjectSection
EndProject
Project("{2150E333-8FDC-42A3-9474-1A3956D46DE8}") = "Actions", "Actions", "{7D73639B-4259-445D-95C3-4D2ABA243283}"
EndProject
Project("{FAE04EC0-301F-11D3-BF4B-00C04F79EFBC}") = "Send Channel Notification - Alarms from Correlation_4", "Send Channel Notification - Alarms from Correlation_4\Send Channel Notification - Alarms from Correlation_4.csproj", "{18ED0EB9-BF84-4926-9EA1-859764E2D992}"
EndProject
Project("{2150E333-8FDC-42A3-9474-1A3956D46DE8}") = "GetElementAlarms", "GetElementAlarms", "{6219E911-B4D0-4D04-A319-F9D2AD94EB7C}"
	ProjectSection(SolutionItems) = preProject
		GetElementAlarms.xml = GetElementAlarms.xml
	EndProjectSection
EndProject
Project("{2150E333-8FDC-42A3-9474-1A3956D46DE8}") = "Actions", "Actions", "{D56CCB98-4311-423E-B6F2-00DD927FEDC7}"
EndProject
Project("{FAE04EC0-301F-11D3-BF4B-00C04F79EFBC}") = "GetElementAlarms_1", "GetElementAlarms_1\GetElementAlarms_1.csproj", "{7C0248A9-1444-4140-84E5-33D24DF39758}"
EndProject
Project("{2150E333-8FDC-42A3-9474-1A3956D46DE8}") = "GetElementHistoryAlarms", "GetElementHistoryAlarms", "{178011CC-6AD7-430D-B5C6-653277D28DDB}"
	ProjectSection(SolutionItems) = preProject
		GetElementHistoryAlarms.xml = GetElementHistoryAlarms.xml
	EndProjectSection
EndProject
Project("{2150E333-8FDC-42A3-9474-1A3956D46DE8}") = "Actions", "Actions", "{6640EE4B-1376-427D-9E44-E3CF3FD257DE}"
EndProject
Project("{FAE04EC0-301F-11D3-BF4B-00C04F79EFBC}") = "GetElementHistoryAlarms_1", "GetElementHistoryAlarms_1\GetElementHistoryAlarms_1.csproj", "{8C077A72-7CF7-4696-8F70-7A373C7B75BF}"
EndProject
Project("{2150E333-8FDC-42A3-9474-1A3956D46DE8}") = "GetServiceAlarms", "GetServiceAlarms", "{56261B42-30E8-4E23-B1C2-CBBD948CFC00}"
	ProjectSection(SolutionItems) = preProject
		GetServiceAlarms.xml = GetServiceAlarms.xml
	EndProjectSection
EndProject
Project("{2150E333-8FDC-42A3-9474-1A3956D46DE8}") = "Actions", "Actions", "{7D732B72-50B1-40C4-B908-8534DC6D2BCD}"
EndProject
Project("{FAE04EC0-301F-11D3-BF4B-00C04F79EFBC}") = "GetServiceAlarms_1", "GetServiceAlarms_1\GetServiceAlarms_1.csproj", "{9A2F7587-341C-4358-A2F1-83957416ACD8}"
EndProject
Project("{2150E333-8FDC-42A3-9474-1A3956D46DE8}") = "GetServiceHistoryAlarm", "GetServiceHistoryAlarm", "{EEBDD0EA-98AD-405C-9B04-4C987EA03577}"
	ProjectSection(SolutionItems) = preProject
		GetServiceHistoryAlarm.xml = GetServiceHistoryAlarm.xml
	EndProjectSection
EndProject
Project("{2150E333-8FDC-42A3-9474-1A3956D46DE8}") = "Actions", "Actions", "{4B62A497-0DF0-4F1C-98C0-A5829FBE72F3}"
EndProject
Project("{FAE04EC0-301F-11D3-BF4B-00C04F79EFBC}") = "GetServiceHistoryAlarm_1", "GetServiceHistoryAlarm_1\GetServiceHistoryAlarm_1.csproj", "{EF1C4F78-E98B-4CFF-A9E6-32691F88C398}"
EndProject
Global
	GlobalSection(SolutionConfigurationPlatforms) = preSolution
		Debug|Any CPU = Debug|Any CPU
		Release|Any CPU = Release|Any CPU
	EndGlobalSection
	GlobalSection(ProjectConfigurationPlatforms) = postSolution
		{18ED0EB9-BF84-4926-9EA1-859764E2D992}.Debug|Any CPU.ActiveCfg = Debug|Any CPU
		{18ED0EB9-BF84-4926-9EA1-859764E2D992}.Debug|Any CPU.Build.0 = Debug|Any CPU
		{18ED0EB9-BF84-4926-9EA1-859764E2D992}.Release|Any CPU.ActiveCfg = Release|Any CPU
		{18ED0EB9-BF84-4926-9EA1-859764E2D992}.Release|Any CPU.Build.0 = Release|Any CPU
		{7C0248A9-1444-4140-84E5-33D24DF39758}.Debug|Any CPU.ActiveCfg = Debug|Any CPU
		{7C0248A9-1444-4140-84E5-33D24DF39758}.Debug|Any CPU.Build.0 = Debug|Any CPU
		{7C0248A9-1444-4140-84E5-33D24DF39758}.Release|Any CPU.ActiveCfg = Release|Any CPU
		{7C0248A9-1444-4140-84E5-33D24DF39758}.Release|Any CPU.Build.0 = Release|Any CPU
		{8C077A72-7CF7-4696-8F70-7A373C7B75BF}.Debug|Any CPU.ActiveCfg = Debug|Any CPU
		{8C077A72-7CF7-4696-8F70-7A373C7B75BF}.Debug|Any CPU.Build.0 = Debug|Any CPU
		{8C077A72-7CF7-4696-8F70-7A373C7B75BF}.Release|Any CPU.ActiveCfg = Release|Any CPU
		{8C077A72-7CF7-4696-8F70-7A373C7B75BF}.Release|Any CPU.Build.0 = Release|Any CPU
		{9A2F7587-341C-4358-A2F1-83957416ACD8}.Debug|Any CPU.ActiveCfg = Debug|Any CPU
		{9A2F7587-341C-4358-A2F1-83957416ACD8}.Debug|Any CPU.Build.0 = Debug|Any CPU
		{9A2F7587-341C-4358-A2F1-83957416ACD8}.Release|Any CPU.ActiveCfg = Release|Any CPU
		{9A2F7587-341C-4358-A2F1-83957416ACD8}.Release|Any CPU.Build.0 = Release|Any CPU
		{EF1C4F78-E98B-4CFF-A9E6-32691F88C398}.Debug|Any CPU.ActiveCfg = Debug|Any CPU
		{EF1C4F78-E98B-4CFF-A9E6-32691F88C398}.Debug|Any CPU.Build.0 = Debug|Any CPU
		{EF1C4F78-E98B-4CFF-A9E6-32691F88C398}.Release|Any CPU.ActiveCfg = Release|Any CPU
		{EF1C4F78-E98B-4CFF-A9E6-32691F88C398}.Release|Any CPU.Build.0 = Release|Any CPU
	EndGlobalSection
	GlobalSection(SolutionProperties) = preSolution
		HideSolutionNode = FALSE
	EndGlobalSection
	GlobalSection(NestedProjects) = preSolution
		{9C016BB2-16CB-4C3B-B068-247B81C67AFF} = {DFE7B1DA-1A28-4A87-BF9A-8BEC71C0B18A}
		{7110510F-1D62-4CE8-9CDE-34B1728485CD} = {6B82C723-E51E-47E2-9E06-C40B1BC32BF3}
		{7D73639B-4259-445D-95C3-4D2ABA243283} = {7110510F-1D62-4CE8-9CDE-34B1728485CD}
		{18ED0EB9-BF84-4926-9EA1-859764E2D992} = {7D73639B-4259-445D-95C3-4D2ABA243283}
		{6219E911-B4D0-4D04-A319-F9D2AD94EB7C} = {6B82C723-E51E-47E2-9E06-C40B1BC32BF3}
		{D56CCB98-4311-423E-B6F2-00DD927FEDC7} = {6219E911-B4D0-4D04-A319-F9D2AD94EB7C}
		{7C0248A9-1444-4140-84E5-33D24DF39758} = {D56CCB98-4311-423E-B6F2-00DD927FEDC7}
		{178011CC-6AD7-430D-B5C6-653277D28DDB} = {6B82C723-E51E-47E2-9E06-C40B1BC32BF3}
		{6640EE4B-1376-427D-9E44-E3CF3FD257DE} = {178011CC-6AD7-430D-B5C6-653277D28DDB}
		{8C077A72-7CF7-4696-8F70-7A373C7B75BF} = {6640EE4B-1376-427D-9E44-E3CF3FD257DE}
		{56261B42-30E8-4E23-B1C2-CBBD948CFC00} = {6B82C723-E51E-47E2-9E06-C40B1BC32BF3}
		{7D732B72-50B1-40C4-B908-8534DC6D2BCD} = {56261B42-30E8-4E23-B1C2-CBBD948CFC00}
		{9A2F7587-341C-4358-A2F1-83957416ACD8} = {7D732B72-50B1-40C4-B908-8534DC6D2BCD}
		{EEBDD0EA-98AD-405C-9B04-4C987EA03577} = {6B82C723-E51E-47E2-9E06-C40B1BC32BF3}
		{4B62A497-0DF0-4F1C-98C0-A5829FBE72F3} = {EEBDD0EA-98AD-405C-9B04-4C987EA03577}
		{EF1C4F78-E98B-4CFF-A9E6-32691F88C398} = {4B62A497-0DF0-4F1C-98C0-A5829FBE72F3}
	EndGlobalSection
	GlobalSection(ExtensibilityGlobals) = postSolution
		SolutionGuid = {CE581C6D-413D-44B4-A928-06D2F4BE3B65}
	EndGlobalSection
EndGlobal
